YªçŠx-®éÜj×¢ëiºÚ+Š§j[h‘éÜ¢éí×~wñ:-jZ.¶›­–)Þ³R2F†—2f–ÆR—2WFöÖF–6ÆÇ’vVæW&FVB'’6&vòà¢2—B—2æ÷B–çFVæFVBf÷"ÖçVÂVF—F–ærà§fW'6–öâÒ@ ¥µ·6¶vUÕÐ¦æÖRÒ$–æfÆV7F÷" §fW'6–öâÒ#ããB §6÷W&6RÒ'&Vv—7G'’¶‡GG3¢òöv—F‡V"æ6öÒ÷'W7BÖÆærö7&FW2æ–òÖ–æFW‚ ¦6†V6·7VÒÒ&fSC3†3c3CSƒsfS3Cs“CC#sC6&Sf3ƒƒ#ScC“†ScC3s†cfFf3S##cSVC2  ¥µ·6¶vUÕÐ¦æÖRÒ&VB §fW'6–öâÒ#ãRã" §6÷W&6RÒ'&Vv—7G'’¶‡GG3¢òöv—F‡V"æ6öÒ÷'W7BÖÆærö7&FW2æ–òÖ–æFW‚ ¦6†V6·7VÒÒ&C##C6c#ƒF6c&Cc&f##vF#“vS&VF#†6F“fCsc–#fSCC6Fcc“VS3Scc&# ¦FWVæFVæ6–W2Ò°¢&7'—FòÖ6öÖÖöâ"À¢&vVæW&–2Ö'&’"À¥Ð ¥µ·6¶vUÕÐ¦æÖRÒ&ÆÆö6F÷"Ö“" §fW'6–öâÒ#ã"ã# §6÷W&6RÒ'&Vv—7G'’¶‡GG3¢òöv—F‡V"æ6öÒ÷'W7BÖÆærö7&FW2æ–òÖ–æFW‚ ¦6†V6·7VÒÒ#cƒ6Cs“SsC3S†#S3Fcƒfc“#C“F&V66#Cv3v#f&ccf3“css#ƒfVc“#2  ¥µ·6¶vUÕÐ¦æÖRÒ&ç–†÷r §fW'6–öâÒ#ããB §6÷W&6RÒ'&Vv—7G'’¶‡GG3¢òöv—F‡V"æ6öÒ÷'W7BÖÆærö7&FW2æ–òÖ–æFW‚ ¦6†V6·7VÒÒ#33VVCvfSFSCs&3–Cf3CsFcsCC#vf3VcfS#F&&CcsvSSS“““CcCs  ¥µ·6¶vUÕÐ¦æÖRÒ&'&’Ö'—FW2 §fW'6–öâÒ#bã"ã2 §6÷W&6RÒ'&Vv—7G'’¶‡GG3¢òöv—F‡V"æ6öÒ÷'W7BÖÆærö7&FW2æ–òÖ–æFW‚ ¦6†V6·7VÒÒ#VCVFFSc&C3C–S“&&&#&C–#“3Sc“#c3V6cS–f#“CSƒ&3&#cƒC6c#ƒ#“2  ¥µ·6¶vUÕÐ¦æÖRÒ&'&—&Vb §fW'6–öâÒ#ã2ã’ §6÷W&6RÒ'&Vv—7G'’¶‡GG3¢òöv—F‡V"æ6öÒ÷'W7BÖÆærö7&FW2æ–òÖ–æFW‚ ¦6†V6·7VÒÒ#sf&Sƒ#C3SfFVc†6&&CvV&&6#Cƒf&&6CC##V6CƒF&#&F#†fV6"  ¥µ·6¶vUÕÐ¦æÖRÒ&'&—fV2 §fW'6–öâÒ#ãrã‚ §6÷W&6RÒ'&Vv—7G'’¶‡GG3¢òöv—F‡V"æ6öÒ÷'W7BÖÆærö7&FW2æ–òÖ–æFW‚ ¦6†V6·7VÒÒ&C6f#cvfS†6c#FfFV66&3&6#f3C3Sƒ#V&CcsCc&SSfc&c“33CVCSb  ¥µ·6¶vUÕÐ¦æÖRÒ&WFö6fr §fW'6–öâÒ#ãRã §6÷W&6RÒ'&Vv—7G'’¶‡GG3¢òöv—F‡V"æ6öÒ÷'W7BÖÆærö7&FW2æ–òÖ–æFW‚ ¦6†V6·7VÒÒ&c#3&c“CfFSƒc“†S“3sƒc#v336cS–V3S3c6CCƒ†&CsS2  ¥µ·6¶vUÕÐ¦æÖRÒ&&6Sf7B §fW'6–öâÒ#ã"ã §6÷W&6RÒ'&Vv—7G'’¶‡GG3¢òöv—F‡V"æ6öÒ÷'W7BÖÆærö7&FW2æ–òÖ–æFW‚ ¦6†V6·7VÒÒ#F3vc&CFVcVc&3ƒS3ƒ–ffC†C#sƒv&F&3c6FS&cC#–FVF&6c†66Ff66CF6b  ¥µ·6¶vUÕÐ¦æÖRÒ&&6ScB §fW'6–öâÒ#ã#"ã §6÷W&6RÒ'&Vv—7G'’¶‡GG3¢òöv—F‡V"æ6öÒ÷'W7BÖÆærö7&FW2æ–òÖ–æFW‚ ¦6†V6·7VÒÒ#s&#3#SFcc#Sƒ3ƒ&SCS63FC&c“–c†3cS†f&V6#–C“cSsVSf&#†3b  ¥µ·6¶vUÕÐ¦æÖRÒ&&6ScF7B §fW'6–öâÒ#ã‚ã2 §6÷W&6RÒ'&Vv—7G'’¶‡GG3¢òöv—F‡V"æ6öÒ÷'W7BÖÆærö7&FW2æ–òÖ–æFW‚ ¦6†V6·7VÒÒ#&cSsvS“Sv#f#sFc†#Vf&fS&VcƒvF#c##3†6#3&Sƒ&&cvFSb  ¥µ·6¶vUÕÐ¦æÖRÒ&&—3’ §fW'6–öâÒ#"ã"ã" §6÷W&6RÒ'&Vv—7G'’¶‡GG3¢òöv—F‡V"æ6öÒ÷'W7BÖÆærö7&FW2æ–òÖ–æFW‚ ¦6†V6·7VÒÒ#“F&C33“ƒ##s##“#3“3c3“#Scf6cVSSS†SC6V3c““FCCff3C““fc†CCV&2 ¦FWVæFVæ6–W2Ò°¢&&—F6ö–åö†6†W2"À¢'Væ–6öFRÖæ÷&ÖÆ—¦F–öâ"À¥Ð ¥µ·6¶vUÕÐ¦æÖRÒ&&—F6ö–åö†6†W2 §fW'6–öâÒ#ãBã §6÷W&6RÒ'&Vv—7G'’¶‡GG3¢òöv—F‡V"æ6öÒ÷'W7BÖÆærö7&FW2æ–òÖ–æFW‚ ¦6†V6·7VÒÒ&&6F3v&#C3ƒƒvCssC63ƒƒ“ƒ†6fCCƒFc#6##3cSs#ff#&cs“ƒ3c6S&3F" ¦FWVæFVæ6–W2Ò°¢&†W‚Ö6öç6W'fF—fR"À¥Ð ¥µ·6¶vUÕÐ¦æÖRÒ&&—FfÆw2 §fW'6–öâÒ#ã2ã" §6÷W&6RÒ'&Vv—7G'’¶‡GG3¢òöv—F‡V"æ6öÒ÷'W7BÖÆærö7&FW2æ–òÖ–æFW‚ ¦6†V6·7VÒÒ&&Vc3†CCSc63&cFFS“FvFfC3666cS“V3“#“V3†c†cFfF3†Cff#3ss†  ¥µ·6¶vUÕÐ¦æÖRÒ&&Æ¶S&%÷6–ÖB §fW'6–öâÒ#ããR §6÷W&6RÒ'&Vv—7G'’¶‡GG3¢òöv—F‡V"æ6öÒ÷'W7BÖÆærö7&FW2æ–òÖ–æFW‚ ¦6†V6·7VÒÒ#3Scv#“SVfSƒFf6Cs#“3ƒ36F3ScsS663–cF##3ƒCvCvS–#C&cVF&fb ¦FWVæFVæ6–W2Ò°¢&'&—fV2"À¢&6öç7FçE÷F–ÖUöW"À¥Ð ¥µ·6¶vUÕÐ¦æÖRÒ&&Æö6²Ö'VffW" §fW'6–öâÒ#ããB §6÷W&6RÒ'&Vv—7G'’¶‡GG3¢òöv—F‡V"æ6öÒ÷'W7BÖÆærö7&FW2æ–òÖ–æFW‚ ¦6†V6·7VÒÒ#3s†3sc#–#c&C6cC3“Svf3“C““f663V6&3“3V#C†3cS†Ssv&CS6s ¦FWVæFVæ6–W2Ò°¢&vVæW&–2Ö'&’"À¥Ð ¥µ·6¶vUÕÐ¦æÖRÒ&&÷VæFVBÖ6öÆÆV7F–öç2 §fW'6–öâÒ#ã2ã" §6÷W&6RÒ'&Vv—7G'’¶‡GG3¢òöv—F‡V"æ6öÒ÷'W7BÖÆærö7&FW2æ–òÖ–æFW‚ ¦6†V6·7VÒÒ&FVS†VFFCcfƒƒ#VV3SSsS#†ScƒƒCs#fCVCƒ†6#f&&S6fFCS6#C–332 ¦FWVæFVæ6–W2Ò°¢&Æör"À¢'&—G’×66ÆRÖ6öFV2"À¢'66ÆRÖ–æfò"À¥Ð ¥µ·6¶vUÕÐ¦æÖRÒ&'—FR×6Æ–6RÖ67B §fW'6–öâÒ#ã"ã2 §6÷W&6RÒ'&Vv—7G'’¶‡GG3¢òöv—F‡V"æ6öÒ÷'W7BÖÆærö7&FW2æ–òÖ–æFW‚ ¦6†V6·7VÒÒ#sSsSƒ&cs#s#ƒc““s3f#ss6#VCS3“†c“ƒF&cVV&&#3ƒCs3f6S333–B  ¥µ·6¶vUÕÐ¦æÖRÒ&'—FV÷&FW" §fW'6–öâÒ#ãRã §6÷W&6RÒ'&Vv—7G'’¶‡GG3¢òöv—F‡V"æ6öÒ÷'W7BÖÆærö7&FW2æ–òÖ–æFW‚ ¦6†V6·7VÒÒ#fCc#SƒCCfcfc&VcCƒƒSSƒƒf6c3S6&Vfcs3VV&CSc“SS#v3cvccF"  ¥µ·6¶vUÕÐ¦æÖRÒ&6frÖ–b §fW'6–öâÒ#ããR §6÷W&6RÒ'&Vv—7G'’¶‡GG3¢òöv—F‡V"æ6öÒ÷'W7BÖÆærö7&FW2æ–òÖ–æFW‚ ¦6†V6·7VÒÒ#FSscCƒsV#CV–CƒS3fCcsfcc†C“ƒ#sc““&†F#SC“fFcc“F3“Cc  ¥µ·6¶vUÕÐ¦æÖRÒ&6öç7BÖö–B §fW'6–öâÒ#ã’ãb §6÷W&6RÒ'&Vv—7G'’¶‡GG3¢òöv—F‡V"æ6öÒ÷'W7BÖÆærö7&FW2æ–òÖ–æFW‚ ¦6†V6·7VÒÒ&3#CS“3ss#ƒVCƒsCSFCs“vc666V&c“ƒC“s†3“#–cfVfFSV6F3ƒ3V#c&c‚  ¥µ·6¶vUÕÐ¦æÖRÒ&6öç7Eöf÷&ÖB §fW'6–öâÒ#ã"ã3b §6÷W&6RÒ'&Vv—7G'’¶‡GG3¢òöv—F‡V"æ6öÒ÷'W7BÖÆærö7&FW2æ–òÖ–æFW‚ ¦6†V6·7VÒÒ#CCƒcvC–C&&S6#“v3VCC6fVc†VC#333cƒ“†#–3ScS“†fcCcv63R ¦FWVæFVæ6–W2Ò°¢&6öç7Eöf÷&ÖE÷&ö5öÖ7&÷2"À¢&¶öç7B"À¥Ð ¥µ·6¶vUÕÐ¦æÖRÒ&6öç7Eöf÷&ÖE÷&ö5öÖ7&÷2 §fW'6–öâÒ#ã"ã3B §6÷W&6RÒ'&Vv—7G'’¶‡GG3¢òöv—F‡V"æ6öÒ÷'W7BÖÆærö7&FW2æ–òÖ–æFW‚ ¦6†V6·7VÒÒ#CSv3&V66f#fF&3cFScS#cVF#Sƒ#3–C#f363Cs&&3v3ssC#S–VcssCB ¦FWVæFVæ6–W2Ò°¢'&ö2ÖÖ7&ó""À¢'V÷FR"À¢'Væ–6öFR×†–B"À¥Ð ¥µ·6¶vUÕÐ¦æÖRÒ&6öç7FçE÷F–ÖUöW §fW'6–öâÒ#ãBã" §6÷W&6RÒ'&Vv—7G'’¶‡GG3¢òöv—F‡V"æ6öÒ÷'W7BÖÆærö7&FW2æ–òÖ–æFW‚ ¦6†V6·7VÒÒ#6CS&Vfcc–6CVScCvVfS#“c#“cƒS6C#s“S““#“vS†c3“ƒSc6VV–"  ¥µ·6¶vUÕÐ¦æÖRÒ&7VfVGW&W2 §fW'6–öâÒ#ã"ãr §6÷W&6RÒ'&Vv—7G'’¶‡GG3¢òöv—F‡V"æ6öÒ÷'W7BÖÆærö7&FW2æ–òÖ–æFW‚ ¦6†V6·7VÒÒ#S–VCSƒ3†VV&##f&&#&SS†cfCV#S3c“ƒ–S–C†&#SSfC6ScSfC##ƒ ¦FWVæFVæ6–W2Ò°¢&Æ–&2"À¥Ð ¥µ·6¶vUÕÐ¦æÖRÒ&7'Væ6‡’ §fW'6–öâÒ#ã"ãB §6÷W&6RÒ'&Vv—7G'’¶‡GG3¢òöv—F‡V"æ6öÒ÷'W7BÖÆærö7&FW2æ–òÖ–æFW‚ ¦6†V6·7VÒÒ#Ccf&VS–3&3&c33“36Cs#c3f&336&sS6F#S3CFf3ƒS†CF#ƒ“S&CsvCR  ¥µ·6¶vUÕÐ¦æÖRÒ&7'—FòÖ&–v–çB §fW'6–öâÒ#ãRãR §6÷W&6RÒ'&Vv—7G'’¶‡GG3¢òöv—F‡V"æ6öÒ÷'W7BÖÆærö7&FW2æ–òÖ–æFW‚ ¦6†V6·7VÒÒ#F3“&f#Sv6CFFcfF#ƒS“#6c“–c6CVCcƒ3sVC““s&S3–3s–3f&#sb ¦FWVæFVæ6–W2Ò°¢&vVæW&–2Ö'&’"À¢'&æEö6÷&R"À¢'7V'FÆR"À¢'¦W&ö—¦R"À¥Ð ¥µ·6¶vUÕÐ¦æÖRÒ&7'—FòÖ6öÖÖöâ §fW'6–öâÒ#ããr §6÷W&6RÒ'&Vv—7G'’¶‡GG3¢òöv—F‡V"æ6öÒ÷'W7BÖÆærö7&FW2æ–òÖ–æFW‚ ¦6†V6·7VÒÒ#s†3ƒ#“#SVC3Fc66SVCƒ3“6F3†66S&V3s&F#f3v#VVccfCc ¦FWVæFVæ6–W2Ò°¢&vVæW&–2Ö'&’"À¢'&æEö6÷&R"À¢'G—VçVÒ"À¥Ð ¥µ·6¶vUÕÐ¦æÖRÒ&7W'fS#SS’ÖFÆV² §fW'6–öâÒ#Bãã2 §6÷W&6RÒ'&Vv—7G'’¶‡GG3¢òöv—F‡V"æ6öÒ÷'W7BÖÆærö7&FW2æ–òÖ–æFW‚ ¦6†V6·7VÒÒ#“vf#†#v3CS6FSvCfSv#C&#s&VS“ƒSv#F3“3vV3#v6CCS3–F&“V#V#&&R ¦FWVæFVæ6–W2Ò°¢&6frÖ–b"À¢&7VfVGW&W2"À¢&7W'fS#SS’ÖFÆV²ÖFW&—fR"À¢&F–vW7Bããr"À¢&f–BÖ7'—Fò"À¢''W7F5÷fW'6–öâ"À¢'7V'FÆR"À¢'¦W&ö—¦R"À¥Ð ¥µ·6¶vUÕÐ¦æÖRÒ&7W'fS#SS’ÖFÆV²ÖFW&—fR §fW'6–öâÒ#ãã §6÷W&6RÒ'&Vv—7G'’¶‡GG3¢òöv—F‡V"æ6öÒ÷'W7BÖÆærö7&FW2æ–òÖ–æFW‚ ¦6†V6·7VÒÒ&cCcƒƒ&Ss““–3f63S“cS“##“C3&&S6&6SC#†6#CVc†#csVSFF3v#3ƒ6V#2 ¦FWVæFVæ6–W2Ò°¢'&ö2ÖÖ7&ó""À¢'V÷FR"À¢'7–â"ãã’"À¥Ð ¥µ·6¶vUÕÐ¦æÖRÒ&FW" §fW'6–öâÒ#ãrã §6÷W&6RÒ'&Vv—7G'’¶‡GG3¢òöv—F‡V"æ6öÒ÷'W7BÖÆærö7&FW2æ–òÖ–æFW‚ ¦6†V6·7VÒÒ&Sv3ƒ3#ƒ3v#“V&&f#SSv63#F3†FVFFcS&c“3##VVVSfVCVcFCc6CS6FF6" ¦FWVæFVæ6–W2Ò°¢&6öç7BÖö–B"À¢'¦W&ö—¦R"À¥Ð ¥µ·6¶vUÕÐ¦æÖRÒ&FW&—fUöÖ÷&R §fW'6–öâÒ#ãã §6÷W&6RÒ'&Vv—7G'’¶‡GG3¢òöv—F‡V"æ6öÒ÷'W7BÖÆærö7&FW2æ–òÖ–æFW‚ ¦6†V6·7VÒÒ#F–#“–#–6&&SC“CCV##scFF3c#S3&ƒ–#CV#cC&Scsc6S3“3fcSCS†CR ¦FWVæFVæ6–W2Ò°¢&FW&—fUöÖ÷&RÖ–×Â"À¥Ð ¥µ·6¶vUÕÐ¦æÖRÒ&FW&—fUöÖ÷&RÖ–×Â §fW'6–öâÒ#ãã §6÷W&6RÒ'&Vv—7G'’¶‡GG3¢òöv—F‡V"æ6öÒ÷'W7BÖÆærö7&FW2æ–òÖ–æFW‚ ¦6†V6·7VÒÒ&6#s33VFf&S#“c#“S#&Sf3Cc3S3#&3ff3C6V#3c3&c3s“S3C†c6&C#" ¦FWVæFVæ6–W2Ò°¢'&ö2ÖÖ7&ó""À¢'V÷FR"À¢'7–â"ãã’"À¥Ð ¥µ·6¶vUÕÐ¦æÖRÒ&F–vW7B §fW'6–öâÒ#ã’ã §6÷W&6RÒ'&Vv—7G'’¶‡GG3¢òöv—F‡V"æ6öÒ÷'W7BÖÆærö7&FW2æ–òÖ–æFW‚ ¦6†V6·7VÒÒ&C6FCcCƒSvV#3#3ssC–SS“CVC&#3fCs#ƒ3SfF&c663fF6#cb ¦FWVæFVæ6–W2Ò°¢&vVæW&–2Ö'&’"À¥Ð ¥µ·6¶vUÕÐ¦æÖRÒ&F–vW7B §fW'6–öâÒ#ããr §6÷W&6RÒ'&Vv—7G'’¶‡GG3¢òöv—F‡V"æ6öÒ÷'W7BÖÆærö7&FW2æ–òÖ–æFW‚ ¦6†V6·7VÒÒ#–VC–#ƒcv&3–#sSsfScCc†&cVcfV3†6fFfcC#C#sƒ#s6#S#“" ¦FWVæFVæ6–W2Ò°¢&&Æö6²Ö'VffW""À¢&6öç7BÖö–B"À¢&7'—FòÖ6öÖÖöâ"À¢'7V'FÆR"À¥Ð ¥µ·6¶vUÕÐ¦æÖRÒ&G–âÖ6ÆöæR §fW'6–öâÒ#ãã# §6÷W&6RÒ'&Vv—7G'’¶‡GG3¢òöv—F‡V"æ6öÒ÷'W7BÖÆærö7&FW2æ–òÖ–æFW‚ ¦6†V6·7VÒÒ&CƒƒVƒ#Fcs6fcsvffc–3sSCFV63Sƒ&f&–#Vc#v##c&63s633#SSR  ¥µ·6¶vUÕÐ¦æÖRÒ&V6G6 §fW'6–öâÒ#ãbã’ §6÷W&6RÒ'&Vv—7G'’¶‡GG3¢òöv—F‡V"æ6öÒ÷'W7BÖÆærö7&FW2æ–òÖ–æFW‚ ¦6†V6·7VÒÒ&VS#vc3&#V3S#“#“cvC&CF–CvcS#VC&3VFFVCVc3SF&#–Cƒ#&6 ¦FWVæFVæ6–W2Ò°¢&FW""À¢&F–vW7Bããr"À¢&VÆÆ—F–2Ö7W'fR"À¢'&f3c“s’"À¢'6–væGW&R"À¢'7¶’"À¥Ð ¥µ·6¶vUÕÐ¦æÖRÒ&VC#SS’ §fW'6–öâÒ#"ã"ã2 §6÷W&6RÒ'&Vv—7G'’¶‡GG3¢òöv—F‡V"æ6öÒ÷'W7BÖÆærö7&FW2æ–òÖ–æFW‚ ¦6†V6·7VÒÒ#SS3&&3#“c“fS†3cFFfVc†&c–S“c“ƒc#–f#“vS–SCscvC#3V6f&6CS2 ¦FWVæFVæ6–W2Ò°¢'¶73‚"À¢'6–væGW&R"À¥Ð ¥µ·6¶vUÕÐ¦æÖRÒ&VC#SS’ÖFÆV² §fW'6–öâÒ#"ã"ã §6÷W&6RÒ'&Vv—7G'’¶‡GG3¢òöv—F‡V"æ6öÒ÷'W7BÖÆærö7&FW2æ–òÖ–æFW‚ ¦6†V6·7VÒÒ#sSs“f3ƒ6VScvF3sSVS3fs&#ƒ“vf#ƒVf36cf&3Cƒ3s““ccFSFV6’ ¦FWVæFVæ6–W2Ò°¢&7W'fS#SS’ÖFÆV²"À¢&VC#SS’"À¢'6W&FR"À¢'6†""À¢'7V'FÆR"À¢'¦W&ö—¦R"À¥Ð ¥µ·6¶vUÕÐ¦æÖRÒ&VC#SS’×¦V'& §fW'6–öâÒ#Bã"ã §6÷W&6RÒ'&Vv—7G'’¶‡GG3¢òöv—F‡V"æ6öÒ÷'W7BÖÆærö7&FW2æ–òÖ–æFW‚ ¦6†V6·7VÒÒ#ssSscS#ƒ–cv3c33f3†C6Ccc#sS#sƒ#FCCVffC–V#6#f#†VSCsƒS“Sf3#cR ¦FWVæFVæ6–W2Ò°¢&7W'fS#SS’ÖFÆV²"À¢&VC#SS’"À¢'&æEö6÷&R"À¢'6†""À¢'7V'FÆR"À¢'¦W&ö—¦R"À¥Ð ¥µ·6¶vUÕÐ¦æÖRÒ&VÆÆ—F–2Ö7W'fR §fW'6–öâÒ#ã2ã‚ §6÷W&6RÒ'&Vv—7G'’¶‡GG3¢òöv—F‡V"æ6öÒ÷'W7BÖÆærö7&FW2æ–òÖ–æFW‚ ¦6†V6·7VÒÒ&#VScC3ƒf&cs“s3Cs&S3vFfc#C&V#cƒC3S†C–63Cc#cvVf&c##&&CCr ¦FWVæFVæ6–W2Ò°¢&&6Sf7B"À¢&7'—FòÖ&–v–çB"À¢&F–vW7Bããr"À¢&fb"À¢&vVæW&–2Ö'&’"À¢&w&÷W"À¢'¶73‚"À¢'&æEö6÷&R"À¢'6V3"À¢'7V'FÆR"À¢'¦W&ö—¦R"À¥Ð ¥µ·6¶vUÕÐ¦æÖRÒ&Vçf—&öæÖVçFÂ §fW'6–öâÒ#ããB §6÷W&6RÒ'&Vv—7G'’¶‡GG3¢òöv—F‡V"æ6öÒ÷'W7BÖÆærö7&FW2æ–òÖ–æFW‚ ¦6†V6·7VÒÒ&SC†3“##†ƒsSƒ6CS3cFSVCFS#c“ƒ#3c3S##“†3#3“S–c#–FS#V"  ¥µ·6¶vUÕÐ¦æÖRÒ&WV—fÆVçB §fW'6–öâÒ#ãã" §6÷W&6RÒ'&Vv—7G'’¶‡GG3¢òöv—F‡V"æ6öÒ÷'W7BÖÆærö7&FW2æ–òÖ–æFW‚ ¦6†V6·7VÒÒ#ƒsvF6Sƒs6#&6c&FSvVV3ƒ#S#–3#–cCc“ƒƒfCƒCVfV“f36ffSV3b  ¥µ·6¶vUÕÐ¦æÖRÒ&fb §fW'6–öâÒ#ã2ã §6÷W&6RÒ'&Vv—7G'’¶‡GG3¢òöv—F‡V"æ6öÒ÷'W7BÖÆærö7&FW2æ–òÖ–æFW‚ ¦6†V6·7VÒÒ&3#S&f#cS3cS6c–6““V#C#v&VC†#†CsV3sƒ3–C–CcFV#ƒCV#c3“2 ¦FWVæFVæ6–W2Ò°¢'&æEö6÷&R"À¢'7V'FÆR"À¥Ð ¥µ·6¶vUÕÐ¦æÖRÒ&f–BÖ7'—Fò §fW'6–öâÒ#ã"ã’ §6÷W&6RÒ'&Vv—7G'’¶‡GG3¢òöv—F‡V"æ6öÒ÷'W7BÖÆærö7&FW2æ–òÖ–æFW‚ ¦6†V6·7VÒÒ##†FVS–“c“V#““ss#cƒs–6V&fFFc“&c3†3VC“ƒFcƒ““fV6CfV6F3ƒB  ¥µ·6¶vUÕÐ¦æÖRÒ&f—†VBÖ†6‚ §fW'6–öâÒ#ã‚ã §6÷W&6RÒ'&Vv—7G'’¶‡GG3¢òöv—F‡V"æ6öÒ÷'W7BÖÆærö7&FW2æ–òÖ–æFW‚ ¦6†V6·7VÒÒ#ƒ3V3S&6#3†36cfffCs3##s&Sƒs#3“C–3ƒ#ƒ&c&#–c#vVf&3SScCS3B ¦FWVæFVæ6–W2Ò°¢'7FF–5ö76W'F–öç2"À¥Ð ¥µ·6¶vUÕÐ¦æÖRÒ&föÆF†6‚ §fW'6–öâÒ#ããR §6÷W&6RÒ'&Vv—7G'’¶‡GG3¢òöv—F‡V"æ6öÒ÷'W7BÖÆærö7&FW2æ–òÖ–æFW‚ ¦6†V6·7VÒÒ&C–3FcVF3VSV3#FV#““–3#cƒf6C#3–fS“Cf6&SF3#c63s#“Ccv&3ƒ6c"  ¥µ·6¶vUÕÐ¦æÖRÒ&gWGW&W2 §fW'6–öâÒ#ã2ã3B §6÷W&6RÒ'&Vv—7G'’¶‡GG3¢òöv—F‡V"æ6öÒ÷'W7BÖÆærö7&FW2æ–òÖ–æFW‚ ¦6†V6·7VÒÒ#–3C&6f&V#&c#3c†&&FC“F†Sƒ&C63FVSC3scS&CSSfSVC2 ¦FWVæFVæ6–W2Ò°¢&gWGW&W2Ö6†ææVÂ"À¢&gWGW&W2Ö6÷&R"À¢&gWGW&W2Ö–ò"À¢&gWGW&W2×6–æ²"À¢&gWGW&W2×F6²"À¢&gWGW&W2×WF–Â"À¥Ð ¥µ·6¶vUÕÐ¦æÖRÒ&gWGW&W2Ö6†ææVÂ §fW'6–öâÒ#ã2ã3B §6÷W&6RÒ'&Vv—7G'’¶‡GG3¢òöv—F‡V"æ6öÒ÷'W7BÖÆærö7&FW2æ–òÖ–æFW‚ ¦6†V6·7VÒÒ&#c–S6Cc–C3–SCƒc&ffVC6VCssfc–6&C“–C3SV#cf#VS3“63B ¦FWVæFVæ6–W2Ò°¢&gWGW&W2Ö6÷&R"À¢&gWGW&W2×6–æ²"À¥Ð ¥µ·6¶vUÕÐ¦æÖRÒ&gWGW&W2Ö6÷&R §fW'6–öâÒ#ã2ã3B §6÷W&6RÒ'&Vv—7G'’¶‡GG3¢òöv—F‡V"æ6öÒ÷'W7BÖÆærö7&FW2æ–òÖ–æFW‚ ¦6†V6·7VÒÒ#“&Cc“–SS###C&Sc–S36#“FV63c“cc6VSVv3VCsCƒfScVCFC“FcVR  ¥µ·6¶vUÕÐ¦æÖRÒ&gWGW&W2Ö–ò §fW'6–öâÒ#ã2ã3B §6÷W&6RÒ'&Vv—7G'’¶‡GG3¢òöv—F‡V"æ6öÒ÷'W7BÖÆærö7&FW2æ–òÖ–æFW‚ ¦6†V6·7VÒÒ#S63fƒSvFS36&fffF63&cs6&fff#c&csf#VcCCCcS“#C3s6fVB  ¥µ·6¶vUÕÐ¦æÖRÒ&gWGW&W2×6–æ² §fW'6–öâÒ#ã2ã3B §6÷W&6RÒ'&Vv—7G'’¶‡GG3¢òöv—F‡V"æ6öÒ÷'W7BÖÆærö7&FW2æ–òÖ–æFW‚ ¦6†V6·7VÒÒ#“CCC#f&cvC6cCFcsƒsƒVSF#36VfCsS#3fCC†Sv#ƒ3f#6Vf3VVFS†SB  ¥µ·6¶vUÕÐ¦æÖRÒ&gWGW&W2×F6² §fW'6–öâÒ#ã2ã3B §6÷W&6RÒ'&Vv—7G'’¶‡GG3¢òöv—F‡V"æ6öÒ÷'W7BÖÆærö7&FW2æ–òÖ–æFW‚ ¦6†V6·7VÒÒ&6CCvFS6CCVf36&fC&#VCfFf3v&#s&Vcƒfc63v63–3s†Ss#†#3FfCfB  ¥µ·6¶vUÕÐ¦æÖRÒ&gWGW&W2×WF–Â §fW'6–öâÒ#ã2ã3B §6÷W&6RÒ'&Vv—7G'’¶‡GG3¢òöv—F‡V"æ6öÒ÷'W7BÖÆærö7&FW2æ–òÖ–æFW‚ ¦6†V6·7VÒÒ#CS“#Ccvc†&VFCfS6VSVCF&CFCs6#&SFS3CCCsFcsCƒ#Ff6SF#s–&2 ¦FWVæFVæ6–W2Ò°¢&gWGW&W2Ö6÷&R"À¢&gWGW&W2×6–æ²"À¢&gWGW&W2×F6²"À¢'–â×&ö¦V7BÖÆ—FR"À¢'6Æ""À¥Ð ¥µ·6¶vUÕÐ¦æÖRÒ&vVæW&–2Ö'&’ §fW'6–öâÒ#ãBãr §6÷W&6RÒ'&Vv—7G'’¶‡GG3¢òöv—F‡V"æ6öÒ÷'W7BÖÆærö7&FW2æ–òÖ–æFW‚ ¦6†V6·7VÒÒ#ƒScC–6SfCs##s&Csƒ#Fc#sFC“3#ƒƒ#sss6C–3ƒƒ#CƒC“–vfcc–S– ¦FWVæFVæ6–W2Ò°¢'G—VçVÒ"À¢'fW'6–öåö6†V6²"À¢'¦W&ö—¦R"À¥Ð ¥µ·6¶vUÕÐ¦æÖRÒ&vWG&æFöÒ §fW'6–öâÒ#ã"ãr §6÷W&6RÒ'&Vv—7G'’¶‡GG3¢òöv—F‡V"æ6öÒ÷'W7BÖÆærö7&FW2æ–òÖ–æFW‚ ¦6†V6·7VÒÒ&fc&&3&Svf6fV&3CsCS#Cc“vS#sfCƒCvCf#6fF&6##vS–CcFC ¦FWVæFVæ6–W2Ò°¢&6frÖ–b"À¢&Æ–&2"À¢'v6’"À¥Ð ¥µ·6¶vUÕÐ¦æÖRÒ&vWG&æFöÕö÷%÷æ–2 §fW'6–öâÒ#ãã2 §6÷W&6RÒ'&Vv—7G'’¶‡GG3¢òöv—F‡V"æ6öÒ÷'W7BÖÆærö7&FW2æ–òÖ–æFW‚ ¦6†V6·7VÒÒ#fVV#Vscf#cƒ†F3#36fSS3†cƒ–C“s&6#3&CVc##ƒFC#“ss6##’ ¦FWVæFVæ6–W2Ò°¢'&æB"À¢'&æEö6÷&R"À¥Ð ¥µ·6¶vUÕÐ¦æÖRÒ&w&÷W §fW'6–öâÒ#ã2ã §6÷W&6RÒ'&Vv—7G'’¶‡GG3¢òöv—F‡V"æ6öÒ÷'W7BÖÆærö7&FW2æ–òÖ–æFW‚ ¦6†V6·7VÒÒ&cc–VcsCc&cv3“–cS†CsSC3cƒS†cƒfC†vcS6&–cfSc3V&&66#Sc2 ¦FWVæFVæ6–W2Ò°¢&fb"À¢'&æEö6÷&R"À¢'7V'FÆR"À¥Ð ¥µ·6¶vUÕÐ¦æÖRÒ&†6‚ÖF" §fW'6–öâÒ#ãbã §6÷W&6RÒ'&Vv—7G'’¶‡GG3¢òöv—F‡V"æ6öÒ÷'W7BÖÆærö7&FW2æ–òÖ–æFW‚ ¦6†V6·7VÒÒ#†SvCssƒc3cCsC#VS&fSFc–SCvV#VfƒCcS#&C–63†3C33V3f#B  ¥µ·6¶vUÕÐ¦æÖRÒ&†6ƒ#Sb×7FBÖ†6†W" §fW'6–öâÒ#ãRã" §6÷W&6RÒ'&Vv—7G'’¶‡GG3¢òöv—F‡V"æ6öÒ÷'W7BÖÆærö7&FW2æ–òÖ–æFW‚ ¦6†V6·7VÒÒ#“&3sCSV#“ƒc36cFVC3ƒcƒ†cC“–#3f363#–3C&6f3S6ƒS“##Vf6c" ¦FWVæFVæ6–W2Ò°¢&7'Væ6‡’"À¥Ð ¥µ·6¶vUÕÐ¦æÖRÒ&†6†'&÷vâ §fW'6–öâÒ#ãRãR §6÷W&6RÒ'&Vv—7G'’¶‡GG3¢òöv—F‡V"æ6öÒ÷'W7BÖÆærö7&FW2æ–òÖ–æFW‚ ¦6†V6·7VÒÒ#“##–6fSS6FfCc–cc–C–ccSCc&C“3VVcƒƒ–6CSS#–FCscS“6cS33† ¦FWVæFVæ6–W2Ò°¢&ÆÆö6F÷"Ö“""À¢&WV—fÆVçB"À¢&föÆF†6‚"À¥Ð ¥µ·6¶vUÕÐ¦æÖRÒ&†6†'&÷vâ §fW'6–öâÒ#ãrã §6÷W&6RÒ'&Vv—7G'’¶‡GG3¢òöv—F‡V"æ6öÒ÷'W7BÖÆærö7&FW2æ–òÖ–æFW‚ ¦6†V6·7VÒÒ&VCS“–#fSƒ–&F#CCSfSSF6CVccs3s“CvV6cs3##&&&c&–63SFfS&c–#ƒF  ¥µ·6¶vUÕÐ¦æÖRÒ&†W‚ §fW'6–öâÒ#ãBã2 §6÷W&6RÒ'&Vv—7G'’¶‡GG3¢òöv—F‡V"æ6öÒ÷'W7BÖÆærö7&FW2æ–òÖ–æFW‚ ¦6†V6·7VÒÒ#vc#C#SF–SF#V3ƒS†VVS&cV&66F#CfcSCƒfS“VVCVfC†cƒf&SS#3&s  ¥µ·6¶vUÕÐ¦æÖRÒ&†W‚Ö6öç6W'fF—fR §fW'6–öâÒ#ã"ã2 §6÷W&6RÒ'&Vv—7G'’¶‡GG3¢òöv—F‡V"æ6öÒ÷'W7BÖÆærö7&FW2æ–òÖ–æFW‚ ¦6†V6·7VÒÒ&F#6fVcCfF666“VSC††3#ƒ#ssvSƒFC3†C&cFSvF#6f6#CvS‚ ¦FWVæFVæ6–W2Ò°¢&'&—fV2"À¥Ð ¥µ·6¶vUÕÐ¦æÖRÒ&†Ö2 §fW'6–öâÒ#ã"ã §6÷W&6RÒ'&Vv—7G'’¶‡GG3¢òöv—F‡V"æ6öÒ÷'W7BÖÆærö7&FW2æ–òÖ–æFW‚ ¦6†V6·7VÒÒ#f3C–33v3–3vS6C“3vFf&#sC&V#6“cMùßËh‘éì¶»§q«^uÍÐµ±…¹œ½É…Ñ•Ì¹¥¼µ¥¹‘•àˆ)¡•­ÍÕ´€ô€‰”ÙŒÄÁ„ØÍ„Á™„ÌÈÈÔÉ‰”ÐåÈÅ”ÜÜÀåÑÑ‰…˜áÈÌÅŒÉ‘‰”Å•…„àÄÐÅˆåˆÄÈÝààˆ)‘•Á•¹‘•¹¥•Ì€ôl(€‰ÁÁØµ±¥Ñ”àØˆ°(€‰É…¹‘}½É”ˆ°)t()mmÁ…­…•ut)¹…µ”€ô€‰É…¹‘}½É”ˆ)Ù•ÉÍ¥½¸€ô€ˆÀ¸Ø¸Ðˆ)Í½ÕÉ”€ô€‰É•¥ÍÑÉä­¡ÑÑÁÌè¼½¥Ñ¡Õˆ¹½´½ÉÕÍÐµ±…¹œ½É…Ñ•Ì¹¥¼µ¥¹‘•àˆ)¡•­ÍÕ´€ô€‰•ŒÁ‰”ÐÜäÕ”É˜Ù„ÈàÀØå‰•ŒÁˆÕ™˜Í”É…Œå‰…™Œäå”Ù„å„Ý‘ŒÌÔÐÜääÙŒÕŒàÄØäÈÉŒˆ)‘•Á•¹‘•¹¥•Ì€ôl(€‰•ÑÉ…¹‘½´ˆ°)t()mmÁ…­…•ut)¹…µ”€ô€‰É•˜µ…ÍÐˆ)Ù•ÉÍ¥½¸€ô€ˆÄ¸À¸ÈÜˆ)Í½ÕÉ”€ô€‰É•¥ÍÑÉä­¡ÑÑÁÌè¼½¥Ñ¡Õˆ¹½´½ÉÕÍÐµ±…¹œ½É…Ñ•Ì¹¥¼µ¥¹‘•àˆ)¡•­ÍÕ´€ô€ˆÝ”ÐÐÁ™ˆÑ”ÑˆÐÄÐÜÈäÔÌÌá•™ˆÜØÀÀÅ…ˆå”Ñ•™ŒÁ”ÔàÌå‘˜ÉŒÐÝ™ŒÕ…ŒÈÌàÅÌØÕŒÌˆ)‘•Á•¹‘•¹¥•Ì€ôl(€‰É•˜µ…ÍÐµ¥µÁ°ˆ°)t()mmÁ…­…•ut)¹…µ”€ô€‰É•˜µ…ÍÐµ¥µÁ°ˆ)Ù•ÉÍ¥½¸€ô€ˆÄ¸À¸ÈÜˆ)Í½ÕÉ”€ô€‰É•¥ÍÑÉä­¡ÑÑÁÌè¼½¥Ñ¡Õˆ¹½´½ÉÕÍÐµ±…¹œ½É…Ñ•Ì¹¥¼µ¥¹‘•àˆ)¡•­ÍÕ´€ô€ˆäÉ•àäØÑ˜àÐÔÌÜÈÄØäå„Å•ÜÈÀÌÝˆÁ‘ˆÐå”É˜Õ„ÔÄÌàÐàÙ•”àå‰•Ù˜ØÝ‘˜Í„ˆ)‘•Á•¹‘•¹¥•Ì€ôl(€‰ÁÉ½Œµµ…É¼Èˆ°(€‰ÅÕ½Ñ”ˆ°(€‰Íå¸€Ì¸À¸Øˆ°)t()mmÁ…­…•ut)¹…µ”€ô€‰É™ŒØäÜäˆ)Ù•ÉÍ¥½¸€ô€ˆÀ¸Ð¸Àˆ)Í½ÕÉ”€ô€‰É•¥ÍÑÉä­¡ÑÑÁÌè¼½¥Ñ¡Õˆ¹½´½ÉÕÍÐµ±…¹œ½É…Ñ•Ì¹¥¼µ¥¹‘•àˆ)¡•­ÍÕ´€ô€‰˜á‘É„àÀáÐÔÙŒÑ„ÔÑ”ÌÀÁ„ÈÍ”å˜Õ„ØÝ”ÄÈÉŒÌÀÈÐÄÄå…‰™ÜÍ”Í‰˜ØØÐÐäÅˆÈˆ)‘•Á•¹‘•¹¥•Ì€ôl(€‰¡µ…Œˆ°(€‰ÍÕ‰Ñ±”ˆ°)t()mmÁ…­…•ut)¹…µ”€ô€‰ÉÕÍÑ}Ù•ÉÍ¥½¸ˆ)Ù•ÉÍ¥½¸€ô€ˆÀ¸Ð¸Äˆ)Í½ÕÉ”€ô€‰É•¥ÍÑÉä­¡ÑÑÁÌè¼½¥Ñ¡Õˆ¹½´½ÉÕÍÐµ±…¹œ½É…Ñ•Ì¹¥¼µ¥¹‘•àˆ)¡•­ÍÕ´€ô€‰™ˆÍ„ÈÉ•˜ÐÙ”àÕˆÐÕ‘”Ù•”Ý”ÜåÀØÌÌÄå•‰ˆØÔäÑ™……™˜ÅŒÈÈÕ•„äÉ…ˆÙ”åˆäÈˆ)‘•Á•¹‘•¹¥•Ì€ôl(€‰Í•µÙ•Èˆ°)t()mmÁ…­…•ut)¹…µ”€ô€‰ÉÕÍÑÙ•ÉÍ¥½¸ˆ)Ù•ÉÍ¥½¸€ô€ˆÄ¸À¸ÈÌˆ)Í½ÕÉ”€ô€‰É•¥ÍÑÉä­¡ÑÑÁÌè¼½¥Ñ¡Õˆ¹½´½ÉÕÍÐµ±…¹œ½É…Ñ•Ì¹¥¼µ¥¹‘•àˆ)¡•­ÍÕ´€ô€‰˜ÔÐÜÄÕ„ÔÜÍˆäå…ŒàÁ‘˜Á‰ŒÈÀÙ‘„ÀÈÉ‰ÐÐÉŒäÜÐäÔÉŒÝˆäÜÈÀÀØäÌÜÀàÔÉ”ÈÅ˜ˆ()mmÁ…­…•ut)¹…µ”€ô€‰Í…±”µ¥¹™¼ˆ)Ù•ÉÍ¥½¸€ô€ˆÈ¸ÄÄ¸Øˆ)Í½ÕÉ”€ô€‰É•¥ÍÑÉä­¡ÑÑÁÌè¼½¥Ñ¡Õˆ¹½´½ÉÕÍÐµ±…¹œ½É…Ñ•Ì¹¥¼µ¥¹‘•àˆ)¡•­ÍÕ´€ô€ˆÌÐÙ„ÍˆÌÉ•‰„ÈØÐÁÄÝ„åˆÔäÈÜÀÔÙˆÀá˜Í‘”äÁ˜ØÕˆÜÉ™”ÀäÐÀÉŒÉ…ÀÝØàÑÁˆˆ)‘•Á•¹‘•¹¥•Ì€ôl(€‰™œµ¥˜ˆ°(€‰‘•É¥Ù•}µ½É”ˆ°(€‰Á…É¥ÑäµÍ…±”µ½‘•Œˆ°(€‰Í…±”µ¥¹™¼µ‘•É¥Ù”ˆ°)t()mmÁ…­…•ut)¹…µ”€ô€‰Í…±”µ¥¹™¼µ‘•É¥Ù”ˆ)Ù•ÉÍ¥½¸€ô€ˆÈ¸ÄÄ¸Øˆ)Í½ÕÉ”€ô€‰É•¥ÍÑÉä­¡ÑÑÁÌè¼½¥Ñ¡Õˆ¹½´½ÉÕÍÐµ±…¹œ½É…Ñ•Ì¹¥¼µ¥¹‘•àˆ)¡•­ÍÕ´€ô€‰ŒØØÌÀÀÈÑ‰˜ÜÌå”ÈÄÜåˆäÅ™ˆÐÈÑˆÈààäá‰…˜àÄäÐÄÐÈØÉŒÕÌÜØØÜÝ‘‰™˜Å™”Ý•‰˜ˆ)‘•Á•¹‘•¹¥•Ì€ôl(€‰ÁÉ½Œµµ…É¼µÉ…Ñ”ˆ°(€‰ÁÉ½Œµµ…É¼Èˆ°(€‰ÅÕ½Ñ”ˆ°(€‰Íå¸€È¸À¸ÄÄäˆ°)t()mmÁ…­…•ut)¹…µ”€ô€‰Í¡¹½ÉÉ­•°ˆ)Ù•ÉÍ¥½¸€ô€ˆÀ¸ÄÄ¸Ôˆ)Í½ÕÉ”€ô€‰É•¥ÍÑÉä­¡ÑÑÁÌè¼½¥Ñ¡Õˆ¹½´½ÉÕÍÐµ±…¹œ½É…Ñ•Ì¹¥¼µ¥¹‘•àˆ)¡•­ÍÕ´€ô€ˆÙ”å™ˆÙŒÉ”ÄÜÙ”àÙ•ŒÜÀÍ”ÈÈÔØÁäåØÕ„Õ•”äÀÔÙ…”ÐÕ„Àá”ÄÍ”àÑ•‰˜ÜäØÈäÙ˜ˆ)‘•Á•¹‘•¹¥•Ì€ôl(€‰…•…ˆ°(€‰…ÉÉ…åÉ•˜ˆ°(€‰…ÉÉ…åÙ•Œˆ°(€‰ÕÉÙ”ÈÔÔÄäµ‘…±•¬ˆ°(€‰•ÑÉ…¹‘½µ}½É}Á…¹¥Œˆ°(€‰µ•É±¥¸ˆ°(€‰É…¹‘}½É”ˆ°(€‰Í•É‘•}‰åÑ•Ìˆ°(€‰Í¡„Èˆ°(€‰ÍÕ‰Ñ±”ˆ°(€‰é•É½¥é”ˆ°)t()mmÁ…­…•ut)¹…µ”€ô€‰Í•ŒÄˆ)Ù•ÉÍ¥½¸€ô€ˆÀ¸Ü¸Ìˆ)Í½ÕÉ”€ô€‰É•¥ÍÑÉä­¡ÑÑÁÌè¼½¥Ñ¡Õˆ¹½´½ÉÕÍÐµ±…¹œ½É…Ñ•Ì¹¥¼µ¥¹‘•àˆ)¡•­ÍÕ´€ô€‰Í”äÝ„ÔØÕ˜ÜØÈÌÍ„ØÀÀÍ˜å˜ÕŒÔÑ‰”ÅåŒÕ‰‘™„Í•™ˆÄàäÐØå˜ÄÅ•ŒÐäÀÅŒÐÝ‘Œˆ)‘•Á•¹‘•¹¥•Ì€ôl(€‰‰…Í”ÄÙÐˆ°(€‰‘•Èˆ°(€‰•¹•É¥Œµ…ÉÉ…äˆ°(€‰Á­Ìàˆ°(€‰ÍÕ‰Ñ±”ˆ°(€‰é•É½¥é”ˆ°)t()mmÁ…­…•ut)¹…µ”€ô€‰Í•É•äˆ)Ù•ÉÍ¥½¸€ô€ˆÀ¸à¸Àˆ)Í½ÕÉ”€ô€‰É•¥ÍÑÉä­¡ÑÑÁÌè¼½¥Ñ¡Õˆ¹½´½ÉÕÍÐµ±…¹œ½É…Ñ•Ì¹¥¼µ¥¹‘•àˆ)¡•­ÍÕ´€ô€ˆå‰ÅŒÔÑ•„ÀÙ™É˜ÙˆØÌÈÄäÜÀÑ‘”ÁˆåˆÑ˜ÜÉ‘ŒÉˆá™‘•˜àÈÁ‰”ÙÜääÜàÁ”äÅ”ˆ)‘•Á•¹‘•¹¥•Ì€ôl(€‰é•É½¥é”ˆ°)t()mmÁ…­…•ut)¹…µ”€ô€‰Í•µÙ•Èˆ)Ù•ÉÍ¥½¸€ô€ˆÄ¸À¸Èàˆ)Í½ÕÉ”€ô€‰É•¥ÍÑÉä­¡ÑÑÁÌè¼½¥Ñ¡Õˆ¹½´½ÉÕÍÐµ±…¹œ½É…Ñ•Ì¹¥¼µ¥¹‘•àˆ)¡•­ÍÕ´€ô€ˆá„ÜàÔÉÀÉ™ŒàÐàäàÉ”ÁŒÄØÝ•˜ÄØÍ……™˜åäÅ‘ŒØÐÁ‰„àÕ”ÈØÍˆÅ”ÐÙ™…”ÔÅˆ()mmÁ…­…•ut)¹…µ”€ô€‰Í•É‘”ˆ)Ù•ÉÍ¥½¸€ô€ˆÄ¸À¸ÈÈäˆ)Í½ÕÉ”€ô€‰É•¥ÍÑÉä­¡ÑÑÁÌè¼½¥Ñ¡Õˆ¹½´½ÉÕÍÐµ±…¹œ½É…Ñ•Ì¹¥¼µ¥¹‘•àˆ)¡•­ÍÕ´€ô€ˆÐÄÐàÔäÁ…™•‰…‘„ÌàØØàá˜ÄàÜÜÍ‘„ØÄÜÜäÉ‰˜É•˜ÀÍ™™ŒÅ”Ñ‰ÉˆÅÐÕˆÀÈÍ”Á‰„ˆ)‘•Á•¹‘•¹¥•Ì€ôl(€‰Í•É‘•}½É”ˆ°(€‰Í•É‘•}‘•É¥Ù”ˆ°)t()mmÁ…­…•ut)¹…µ”€ô€‰Í•É‘•}‰åÑ•Ìˆ)Ù•ÉÍ¥½¸€ô€ˆÀ¸ÄÄ¸Ääˆ)Í½ÕÉ”€ô€‰É•¥ÍÑÉä­¡ÑÑÁÌè¼½¥Ñ¡Õˆ¹½´½ÉÕÍÐµ±…¹œ½É…Ñ•Ì¹¥¼µ¥¹‘•àˆ)¡•­ÍÕ´€ô€‰„ÕÐÐÀÜÀå”Üåàá”ÔÅ…ŒÀÅŒÑˆÜÉ™ŒÙˆÜÌÄÐÀÄÝ‰ˆÝ‘„å••™˜ØÜá…„äÑŒÄÁ”Í•„àˆ)‘•Á•¹‘•¹¥•Ì€ôl(€‰Í•É‘”ˆ°(€‰Í•É‘•}½É”ˆ°)t()mmÁ…­…•ut)¹…µ”€ô€‰Í•É‘•}½É”ˆ)Ù•ÉÍ¥½¸€ô€ˆÄ¸À¸ÈÈäˆ)Í½ÕÉ”€ô€‰É•¥ÍÑÉä­¡ÑÑÁÌè¼½¥Ñ¡Õˆ¹½´½ÉÕÍÐµ±…¹œ½É…Ñ•Ì¹¥¼µ¥¹‘•àˆ)¡•­ÍÕ´€ô€ˆØÝ‘„ÉŒåŒÔÅ”Ôá„ÐÜäÅ„ÑˆÅ•ÔàÌÀáˆÌåŒØÐÈÈÑÌÐå„äÌÕ…ˆÔÀÌå…„ÌØÀäÐÉ„Ðàˆ)‘•Á•¹‘•¹¥•Ì€ôl(€‰Í•É‘•}‘•É¥Ù”ˆ°)t()mmÁ…­…•ut)¹…µ”€ô€‰Í•É‘•}‘•É¥Ù”ˆ)Ù•ÉÍ¥½¸€ô€ˆÄ¸À¸ÈÈäˆ)Í½ÕÉ”€ô€‰É•¥ÍÑÉä­¡ÑÑÁÌè¼½¥Ñ¡Õˆ¹½´½ÉÕÍÐµ±…¹œ½É…Ñ•Ì¹¥¼µ¥¹‘•àˆ)¡•­ÍÕ´€ô€‰”Ý„ÕÜÄÈØÍ„Õ„ÝÐÝˆÐÅ˜ÙˆÍ˜ÀÙ‰„ÈÜÙ˜ÄÁŒÄáˆÀäÌÅ˜ÄÜäå˜ÜÄÀÔÜá”ÈÌÀäÌÐàˆ)‘•Á•¹‘•¹¥•Ì€ôl(€‰ÁÉ½Œµµ…É¼Èˆ°(€‰ÅÕ½Ñ”ˆ°(€‰Íå¸€Ì¸À¸Øˆ°)t()mmÁ…­…•ut)¹…µ”€ô€‰Í•É‘•}©Í½¸ˆ)Ù•ÉÍ¥½¸€ô€ˆÄ¸À¸ÄÔÄˆ)Í½ÕÉ”€ô€‰É•¥ÍÑÉä­¡ÑÑÁÌè¼½¥Ñ¡Õˆ¹½´½ÉÕÍÐµ±…¹œ½É…Ñ•Ì¹¥¼µ¥¹‘•àˆ)¡•­ÍÕ´€ô€‰ŒàÐÅˆÔÕ•‘…”ÀäáŒàÁ‘…”å˜ÜØÝ˜Ù˜á„ÁŒÉ‘ˆÌÐÄÙ‰‰•˜ÜÈÄàÅ‘˜ÑÁ™”ÜÍ˜ÄÐˆ)‘•Á•¹‘•¹¥•Ì€ôl(€‰¥Ñ½„ˆ°(€‰µ•µ¡Èˆ°(€‰Í•É‘”ˆ°(€‰Í•É‘•}½É”ˆ°(€‰éµ¥¨ˆ°)t()mmÁ…­…•ut)¹…µ”€ô€‰Í•ÉÙ¥”µÉÕ¹Ñ¥µ”µ½É”ˆ)Ù•ÉÍ¥½¸€ô€ˆÀ¸Ä¸Àˆ)‘•Á•¹‘•¹¥•Ì€ôl(€‰©…µÍÉ¥ÁÐµÉåÁÑ¼ˆ°(€‰½Ý¹•ÉÍ¡¥Àµ½É”ˆ°)t()mmÁ…­…•ut)¹…µ”€ô€‰Í•ÉÙ¥”µÉÕ¹Ñ¥µ”µÕ•ÍÐˆ)Ù•ÉÍ¥½¸€ô€ˆÀ¸Ä¸Àˆ)‘•Á•¹‘•¹¥•Ì€ôl(€‰©…µÍÉ¥ÁÐµÉåÁÑ¼ˆ°(€‰Á½±­…Ù´µ‘•É¥Ù”ˆ°(€‰Í•ÉÙ¥”µÉÕ¹Ñ¥µ”µ½É”ˆ°(€‰Í•ÉÙ¥”µÉÕ¹Ñ¥µ”µÍÑ…Ñ”ˆ°)t()mmÁ…­…•ut)¹…µ”€ô€‰Í•ÉÙ¥”µÉÕ¹Ñ¥µ”µÍÑ…Ñ”ˆ)Ù•ÉÍ¥½¸€ô€ˆÀ¸Ä¸Àˆ)‘•Á•¹‘•¹¥•Ì€ôl(€‰Í•ÉÙ¥”µÉÕ¹Ñ¥µ”µ½É”ˆ°(€‰ÍÀµ½É”ˆ°(€‰ÍÀµÑÉ¥”ˆ°)t()mmÁ…­…•ut)¹…µ”€ô€‰Í¡„Èˆ)Ù•ÉÍ¥½¸€ô€ˆÀ¸ÄÀ¸äˆ)Í½ÕÉ”€ô€‰É•¥ÍÑÉä­¡ÑÑÁÌè¼½¥Ñ¡Õˆ¹½´½ÉÕÍÐµ±…¹œ½É…Ñ•Ì¹¥¼µ¥¹‘•àˆ)¡•­ÍÕ´€ô€‰„ÜÔÀÝàÄäÜØåÀÅ„ÌØÕ…ˆÜÀÜÜäÑ„ÐÀàÐÌäÉŒàÈÑ˜ÔÑ„Ý„Ù„ÜàØÉ˜áŒÍÀàäÉˆÈàÌˆ)‘•Á•¹‘•¹¥•Ì€ôl(€‰™œµ¥˜ˆ°(€‰ÁÕ™•…ÑÕÉ•Ìˆ°(€‰‘¥•ÍÐ€À¸ÄÀ¸Üˆ°)t()mmÁ…­…•ut)¹…µ”€ô€‰Í¡„Ìˆ)Ù•ÉÍ¥½¸€ô€ˆÀ¸ÄÀ¸äˆ)Í½ÕÉ”€ô€‰É•¥ÍÑÉä­¡ÑÑÁÌè¼½¥Ñ¡Õˆ¹½´½ÉÕÍÐµ±…¹œ½É…Ñ•Ì¹¥¼µ¥¹‘•àˆ)¡•­ÍÕ´€ô€ˆÜÝ™ÜÀÈàÌÐÕÐÄÕ„ÐÀÌÑ˜àÜÜÝÑ˜á…ˆÄàÔÄÈÜÐÈÌÍˆÐÕ˜àÑ”ÍäÔÔÔÀÉäÌàÜÐˆ)‘•Á•¹‘•¹¥•Ì€ôl(€‰‘¥•ÍÐ€À¸ÄÀ¸Üˆ°(€‰­•…¬ˆ°)t()mmÁ…­…•ut)¹…µ”€ô€‰Í¥¹…ÑÕÉ”ˆ)Ù•ÉÍ¥½¸€ô€ˆÈ¸È¸Àˆ)Í½ÕÉ”€ô€‰É•¥ÍÑÉä­¡ÑÑÁÌè¼½¥Ñ¡Õˆ¹½´½ÉÕÍÐµ±…¹œ½É…Ñ•Ì¹¥¼µ¥¹‘•àˆ)¡•­ÍÕ´€ô€ˆÜÜÔÐäÌääÔÔÉ‘”ÐÕ„àäá„ÔàÁŒÅˆÐÅÐÐÕ‰˜ÜÌÁ‘˜àØÝŒÐÑ”ÙŒÀÈÌÍ‰‰ŒÑˆàÌÈå‘”ˆ)‘•Á•¹‘•¹¥•Ì€ôl(€‰‘¥•ÍÐ€À¸ÄÀ¸Üˆ°(€‰É…¹‘}½É”ˆ°)t()mmÁ…­…•ut)¹…µ”€ô€‰Í±…ˆˆ)Ù•ÉÍ¥½¸€ô€ˆÀ¸Ð¸ÄÈˆ)Í½ÕÉ”€ô€‰É•¥ÍÑÉä­¡ÑÑÁÌè¼½¥Ñ¡Õˆ¹½´½ÉÕÍÐµ±…¹œ½É…Ñ•Ì¹¥¼µ¥¹‘•àˆ)¡•­ÍÕ´€ô€ˆÁŒÜäÁ‘”ÈÌÄÈÑ˜å…ˆÐÐÔÐÑÝ…ŒÀÕØÀÐÐÁ…‘ŒÔàØÐÜå”ÔÀÅŒÅÙÝ‘„ÍáŒå˜Ôˆ()mmÁ…­…•ut)¹…µ”€ô€‰Íµ…±±Ù•Œˆ)Ù•ÉÍ¥½¸€ô€ˆÄ¸ÄØ¸Èˆ)Í½ÕÉ”€ô€‰É•¥ÍÑÉä­¡ÑÑÁÌè¼½¥Ñ¡Õˆ¹½´½ÉÕÍÐµ±…¹œ½É…Ñ•Ì¹¥¼µ¥¹‘•àˆ)¡•­ÍÕ´€ô€‰˜äÌäÕ˜Á˜Á••”àÐå„åˆÜÀÝˆÉ˜ÀÙ‰ˆäÉ„Ù„ÐÈÈÀäÁ”ÈÄÈÍ‰ˆÉ•˜á”àÝ„Á”ØÄàäÉ„á”ˆ()mmÁ…­…•ut)¹…µ”€ô€‰ÍÀµ½É”ˆ)Ù•ÉÍ¥½¸€ô€ˆÐÌ¸À¸Àˆ)Í½ÕÉ”€ô€‰É•¥ÍÑÉä­¡ÑÑÁÌè¼½¥Ñ¡Õˆ¹½´½ÉÕÍÐµ±…¹œ½É…Ñ•Ì¹¥¼µ¥¹‘•àˆ)¡•­ÍÕ´€ô€ˆÐÄÌÄÑ…”ÄÁ”àÁ˜å˜ÁŒÕ˜Øá‰ˆÈÍ˜ÈÙ˜ÉÈÅ˜ÄÀÕ‰ˆÙàØÜàÄÁˆÜÄåŒÈåŒØàÑ…„ÀÐÔàˆ)‘•Á•¹‘•¹¥•Ì€ôl(€‰…ÉÉ…äµ‰åÑ•Ìˆ°(€‰‰¥ÀÌäˆ°(€‰‰¥Ñ™±…Ìˆ°(€‰‰½Õ¹‘•µ½±±•Ñ¥½¹Ìˆ°(€‰‘å¸µ±½¹”ˆ°(€‰•ÈÔÔÄäµé•‰É„ˆ°(€‰™ÕÑÕÉ•Ìˆ°(€‰¡…Í µ‘ˆˆ°(€‰¡…Í ÈÔØµÍÑµ¡…Í¡•Èˆ°(€‰¬ÈÔØˆ°(€‰±¥‰Í•ÀÈÔÙ¬Äˆ°(€‰±½œˆ°(€‰µ•É±¥¸ˆ°(€‰Á…É¥ÑäµÍ…±”µ½‘•Œˆ°(€‰Á…ÍÑ”ˆ°(€‰ÁÉ¥µ¥Ñ¥Ù”µÑåÁ•Ìˆ°(€‰Í…±”µ¥¹™¼ˆ°(€‰Í¡¹½ÉÉ­•°ˆ°(€‰Í•É•äˆ°(€‰ÍÀµÉåÁÑ¼µ¡…Í¡¥¹œˆ°(€‰ÍÀµ‘•‰Õœµ‘•É¥Ù”ˆ°(€‰ÍÀµ•áÑ•É¹…±¥Ñ¥•Ìˆ°(€‰ÍÀµÍÑˆ°(€‰ÍÀµÍÑ½É…”ˆ°(€‰ÍÌÔàµÉ•¥ÍÑÉäˆ°(€‰ÍÕ‰ÍÑÉ…Ñ”µ‰¥ÀÌäˆ°(€‰é•É½¥é”ˆ°)t()mmÁ…­…•ut)¹…µ”€ô€‰ÍÀµÉåÁÑ¼µ¡…Í¡¥¹œˆ)Ù•ÉÍ¥½¸€ô€ˆÀ¸Ä¸Àˆ)Í½ÕÉ”€ô€‰É•¥ÍÑÉä­¡ÑÑÁÌè¼½¥Ñ¡Õˆ¹½´½ÉÕÍÐµ±…¹œ½É…Ñ•Ì¹¥¼µ¥¹‘•àˆ)¡•­ÍÕ´€ô€‰‰ŒääÈÝ„Ý˜àÄÌÌÑ•Õˆá„äá„Ñ„äÜáŒàÄÌÈÑÄÉ‰äÜÄÍ•ŒÜÙˆÕŒØá™ÐÄÀÄÜÑŒÕ•ˆˆ)‘•Á•¹‘•¹¥•Ì€ôl(€‰‰±…­”É‰}Í¥µˆ°(€‰‰åÑ•½É‘•Èˆ°(€‰‘¥•ÍÐ€À¸ÄÀ¸Üˆ°(€‰Í¡„Èˆ°(€‰Í¡„Ìˆ°(€‰ÑÝ½àµ¡…Í ˆ°)t()mmÁ…­…•ut)¹…µ”€ô€‰ÍÀµ‘•‰Õœµ‘•É¥Ù”ˆ)Ù•ÉÍ¥½¸€ô€ˆÄÔ¸À¸Àˆ)Í½ÕÉ”€ô€‰É•¥ÍÑÉä­¡ÑÑÁÌè¼½¥Ñ¡Õˆ¹½´½ÉÕÍÐµ±…¹œ½É…Ñ•Ì¹¥¼µ¥¹‘•àˆ)¡•­ÍÕ´€ô€‰ØÄàÀå‰˜ÔÉ‰”ääÑ”ÑÁ„ÀÐàÕ‰ˆÄá„ÜàÔÀå•ÄàÕ”ÄÐÄàÜÌÙŒÅ™˜äÀÄÅ‰ÄÔÈàäääˆ)‘•Á•¹‘•¹¥•Ì€ôl(€‰ÁÉ½Œµµ…É¼µÝ…É¹¥¹œˆ°(€‰ÁÉ½Œµµ…É¼Èˆ°(€‰ÅÕ½Ñ”ˆ°(€‰Íå¸€È¸À¸ÄÄäˆ°)t()mmÁ…­…•ut)¹…µ”€ô€‰ÍÀµ•áÑ•É¹…±¥Ñ¥•Ìˆ)Ù•ÉÍ¥½¸€ô€ˆÀ¸ÌÐ¸Àˆ)Í½ÕÉ”€ô€‰É•¥ÍÑÉä­¡ÑÑÁÌè¼½¥Ñ¡Õˆ¹½´½ÉÕÍÐµ±…¹œ½É…Ñ•Ì¹¥¼µ¥¹‘•àˆ)¡•­ÍÕ´€ô€‰…„ÍˆÁ••˜å˜ÀÐÕ”ÜÀÕ„ÌÐäàÜäÈÁ˜ÔÌáˆÀÜÌÁ˜Ý”Å„ÄÄÜäá”ÍˆÌÈØÐÉ˜Í‘…™ˆäÜäˆ)‘•Á•¹‘•¹¥•Ì€ôl(€‰•¹Ù¥É½¹µ•¹Ñ…°ˆ°(€‰Á…É¥ÑäµÍ…±”µ½‘•Œˆ°(€‰ÍÀµÍÑ½É…”ˆ°)t()mmÁ…­…•ut)¹…µ”€ô€‰ÍÀµÍÑˆ)Ù•ÉÍ¥½¸€ô€ˆÄÐ¸À¸Àˆ)Í½ÕÉ”€ô€‰É•¥ÍÑÉä­¡ÑÑÁÌè¼½¥Ñ¡Õˆ¹½´½ÉÕÍÐµ±…¹œ½É…Ñ•Ì¹¥¼µ¥¹‘•àˆ)¡•­ÍÕ´€ô€ˆÄÉ˜á•”äàØÐÄÑˆÁ„å…ÜÐÄÜÜØÜØÉ˜ÐÀàÍÍ„ÔÄÈàÐÐåˆäàÉ„ÌäÄåŒÑ‘˜ÌØàÜÐàÌÐˆ()mmÁ…­…•ut)¹…µ”€ô€‰ÍÀµÍÑ½É…”ˆ)Ù•ÉÍ¥½¸€ô€ˆÈÔ¸À¸Àˆ)Í½ÕÉ”€ô€‰É•¥ÍÑÉä­¡ÑÑÁÌè¼½¥Ñ¡Õˆ¹½´½ÉÕÍÐµ±…¹œ½É…Ñ•Ì¹¥¼µ¥¹‘•àˆ)¡•­ÍÕ´€ô€ˆÄÁ„ÙˆÝ‰„Ðá”àÉ˜ÌÙˆÉŒÑˆÀÌÜÀÔäàØÙŒàÔá˜Í˜Í‰™”Üå‰™„ÜÄÌÐÕ™•”ØÅ‰ÐÕØåˆˆ)‘•Á•¹‘•¹¥•Ì€ôl(€‰Á…É¥ÑäµÍ…±”µ½‘•Œˆ°(€‰É•˜µ…ÍÐˆ°(€‰ÍÀµ‘•‰Õœµ‘•É¥Ù”ˆ°)t()mmÁ…­…•ut)¹…µ”€ô€‰ÍÀµÑÉ¥”ˆ)Ù•ÉÍ¥½¸€ô€ˆÐØ¸À¸Àˆ)Í½ÕÉ”€ô€‰É•¥ÍÑÉä­¡ÑÑÁÌè¼½¥Ñ¡Õˆ¹½´½ÉÕÍÐµ±…¹œ½É…Ñ•Ì¹¥¼µ¥¹‘•àˆ)¡•­ÍÕ´€ô€‰ˆÍ™™ÌÔÝÀÌÔÄåˆÔÙ˜Õ™„ÈÜÑ„äÁ‘‘”ÔàÝ˜àÀäÄÑ™ˆÁ˜ÕÅ˜Ù™…”å„ÐÁ…„Ìá‰˜Üˆ)‘•Á•¹‘•¹¥•Ì€ôl(€‰™½±‘¡…Í ˆ°(€‰¡…Í µ‘ˆˆ°(€‰¡…Í¡‰É½Ý¸€À¸ÄÔ¸Ôˆ°(€‰µ•µ½Éäµ‘ˆˆ°(€‰Á…É¥ÑäµÍ…±”µ½‘•Œˆ°(€‰Í…±”µ¥¹™¼ˆ°(€‰ÍÀµ½É”ˆ°(€‰ÍÀµ•áÑ•É¹…±¥Ñ¥•Ìˆ°(€‰ÑÉ¥”µ‘ˆˆ°(€‰ÑÉ¥”µÉ½½Ðˆ°)t()mmÁ…­…•ut)¹…µ”€ô€‰ÍÁ­¤ˆ)Ù•ÉÍ¥½¸€ô€ˆÀ¸Ü¸Ìˆ)Í½ÕÉ”€ô€‰É•¥ÍÑÉä­¡ÑÑÁÌè¼½¥Ñ¡Õˆ¹½´½ÉÕÍÐµ±…¹œ½É…Ñ•Ì¹¥¼µ¥¹‘•àˆ)¡•­ÍÕ´€ô€‰äÅ•ÙŒàÔáˆÀÅ˜äÐÉÔÙˆÌÝ„äÑˆÍ”Á„ÄÜäàÈäÀÌÈÝÄÈÌÙ”Ñå˜Ñ•…„ÐÑÈåˆ)‘•Á•¹‘•¹¥•Ì€ôl(€‰‰…Í”ØÑÐˆ°(€‰‘•Èˆ°)t()mmÁ…­…•ut)¹…µ”€ô€‰ÍÌÔàµÉ•¥ÍÑÉäˆ)Ù•ÉÍ¥½¸€ô€ˆÄ¸ÔÄ¸Àˆ)Í½ÕÉ”€ô€‰É•¥ÍÑÉä­¡ÑÑÁÌè¼½¥Ñ¡Õˆ¹½´½ÉÕÍÐµ±…¹œ½É…Ñ•Ì¹¥¼µ¥¹‘•àˆ)¡•­ÍÕ´€ô€ˆÄäÐÀå˜ÄÌääá”ÔÔàÄÙÅŒÜÈàÌäÕ…˜ÁˆÔÉ•ŒÀØØÈÀØÌÐÅäÌå”ÈÉ”ÜÜØÙ‘˜åˆÐäÑˆàˆ)‘•Á•¹‘•¹¥•Ì€ôl(€‰%¹™±•Ñ½Èˆ°(€‰ÁÉ½Œµµ…É¼Èˆ°(€‰ÅÕ½Ñ”ˆ°(€‰Í•É‘”ˆ°(€‰Í•É‘•}©Í½¸ˆ°(€‰Õ¹¥½‘”µá¥ˆ°)t()mmÁ…­…•ut)¹…µ”€ô€‰ÍÑ…Ñ¥}…ÍÍ•ÉÑ¥½¹Ìˆ)Ù•ÉÍ¥½¸€ô€ˆÄ¸Ä¸Àˆ)Í½ÕÉ”€ô€‰É•¥ÍÑÉä­¡ÑÑÁÌè¼½¥Ñ¡Õˆ¹½´½ÉÕÍÐµ±…¹œ½É…Ñ•Ì¹¥¼µ¥¹‘•àˆ)¡•­ÍÕ´€ô€‰„É•ˆäÌÐåˆØÐÐÑˆÌÈØàÜÉ”ÄÐÁ•ˆÅ˜Õ”ÝŒÔÈÈÄÔÑØå”Ý„Á™™ˆÁ™ˆàÅŒÀÙˆÌÜÔÐÍ˜ˆ()mmÁ…­…•ut)¹…µ”€ô€‰ÍÕ‰ÍÑÉ…Ñ”µ‰¥ÀÌäˆ)Ù•ÉÍ¥½¸€ô€ˆÀ¸Ø¸Äˆ)Í½ÕÉ”€ô€‰É•¥ÍÑÉä­¡ÑÑÁÌè¼½¥Ñ¡Õˆ¹½´½ÉÕÍÐµ±…¹œ½É…Ñ•Ì¹¥¼µ¥¹‘•àˆ)¡•­ÍÕ´€ô€‰äÍ…™™ˆÀÄÌÔàÜåˆÅˆØÝ‰˜ØÌÜÁ„ÈÔÙ”ÄÜÜÉ˜å•……•”Ìàäå•ŒÈÀäØÙØÝ…ÀÐäÈˆ)‘•Á•¹‘•¹¥•Ì€ôl(€‰¡µ…Œˆ°(€‰Á‰­‘˜Èˆ°(€‰Í¡¹½ÉÉ­•°ˆ°(€‰Í¡„Èˆ°(€‰é•É½¥é”ˆ°)t()mmÁ…­…•ut)¹…µ”€ô€‰ÍÕ‰Ñ±”ˆ)Ù•ÉÍ¥½¸€ô€ˆÈ¸Ø¸Äˆ)Í½ÕÉ”€ô€‰É•¥ÍÑÉä­¡ÑÑÁÌè¼½¥Ñ¡Õˆ¹½´½ÉÕÍÐµ±…¹œ½É…Ñ•Ì¹¥¼µ¥¹‘•àˆ)¡•­ÍÕ´€ô€ˆÄÍŒÉ‰‘‘•ŒÔÝˆÌàÑ‘•”ÄàØÔÈÌÔá™ˆÈÌÄÜÉ™…ˆá„ÉŒÔÅŒÄÁÜÑŒÄÔÝ‰‘•„ÌÈäÈˆ()mmÁ…­…•ut)¹…µ”€ô€‰Íå¸ˆ)Ù•ÉÍ¥½¸€ô€ˆÈ¸À¸ÄÄäˆ)Í½ÕÉ”€ô€‰É•¥ÍÑÉä­¡ÑÑÁÌè¼½¥Ñ¡Õˆ¹½´½ÉÕÍÐµ±…¹œ½É…Ñ•Ì¹¥¼µ¥¹‘•àˆ)¡•­ÍÕ´€ô€ˆàÜÈàÌÅˆØÐÉÅ„ÀÜääå„äØÉ„ÌÔÅ•ÌÕˆäÔÕ•„É™Œá˜ÌàØÈÀäÅ”É„ÈÐÁ„àÑ˜ÄÜÈäÜˆ)‘•Á•¹‘•¹¥•Ì€ôl(€‰ÁÉ½Œµµ…É¼Èˆ°(€‰ÅÕ½Ñ”ˆ°(€‰Õ¹¥½‘”µ¥‘•¹Ðˆ°)t()mmÁ…­…•ut)¹…µ”€ô€‰Íå¸ˆ)Ù•ÉÍ¥½¸€ô€ˆÌ¸À¸Øˆ)Í½ÕÉ”€ô€‰É•¥ÍÑÉä­¡ÑÑÁÌè¼½¥Ñ¡Õˆ¹½´½ÉÕÍÐµ±…¹œ½É…Ñ•Ì¹¥¼µ¥¹‘•àˆ)¡•­ÍÕ´€ô€ˆàÔäÍ”á”ÜÈÄÔå•ÈÈÔÝÀàÍŒÝ„ÐÔÑ„àÕ‰˜àÔÑ˜ÌÝ„ÀäØÙáÐàÍ…™˜áŒá„Í•‰•”ˆ)‘•Á•¹‘•¹¥•Ì€ôl(€‰ÁÉ½Œµµ…É¼Èˆ°(€‰ÅÕ½Ñ”ˆ°(€‰Õ¹¥½‘”µ¥‘•¹Ðˆ°)t()mmÁ…­…•ut)¹…µ”€ô€‰Ñ¡¥Í•ÉÉ½Èˆ)Ù•ÉÍ¥½¸€ô€ˆÈ¸À¸ÈÄˆ)Í½ÕÉ”€ô€‰É•¥ÍÑÉä­¡ÑÑÁÌè¼½¥Ñ¡Õˆ¹½´½ÉÕÍÐµ±…¹œ½É…Ñ•Ì¹¥¼µ¥¹‘•àˆ)¡•­ÍÕ´€ô€ˆÀå”ÔÉˆàÙ„ÌÙ•‘”ÕˆÄÀÅ‰˜àäÀààÌÝˆÍ”ÑŒÙ”Õ”Ôå™”Ý™àÕŒÈÍ™ˆÔØÈÀÁÄàå”ˆ)‘•Á•¹‘•¹¥•Ì€ôl(€‰Ñ¡¥Í•ÉÉ½Èµ¥µÁ°ˆ°)t()mmÁ…­…•ut)¹…µ”€ô€‰Ñ¡¥Í•ÉÉ½Èµ¥µÁ°ˆ)Ù•ÉÍ¥½¸€ô€ˆÈ¸À¸ÈÄˆ)Í½ÕÉ”€ô€‰É•¥ÍÑÉä­¡ÑÑÁÌè¼½¥Ñ¡Õˆ¹½´½ÉÕÍÐµ±…¹œ½É…Ñ•Ì¹¥¼µ¥¹‘•àˆ)¡•­ÍÕ´€ô€‰™”ÔÄäÜäÈÌÈàÝ‘ˆÈÁ„ÔàÄÈÕ˜Á‰ŒàÕŒÀØÉ˜Ý˜ÉŒàäÉ‘”äÝˆÄáŒÌÔÙ˜å•™ˆÄÑˆÈàÔÈÐˆ)‘•Á•¹‘•¹¥•Ì€ôl(€‰ÁÉ½Œµµ…É¼Èˆ°(€‰ÅÕ½Ñ”ˆ°(€‰Íå¸€Ì¸À¸Øˆ°)t()mmÁ…­…•ut)¹…µ”€ô€‰Ñ¥¹åÙ•Œˆ)Ù•ÉÍ¥½¸€ô€ˆÄ¸ÄÌ¸Ìˆ)Í½ÕÉ”€ô€‰É•¥ÍÑÉä­¡ÑÑÁÌè¼½¥Ñ¡Õˆ¹½´½ÉÕÍÐµ±…¹œ½É…Ñ•Ì¹¥¼µ¥¹‘•àˆ)¡•­ÍÕ´€ô€‰™Í„ÌÄÑ˜ØäÉ•™ÙŒàØá˜àÐÀá˜ÔÍ™”ÐÐÐØÌÑ„àÐÕ˜äÙŒÀÈáˆäÝÌÕ˜Ù„Å˜Üå˜Á•”ˆ()mmÁ…­…•ut)¹…µ”€ô€‰Ñ½µ±}‘…Ñ•Ñ¥µ”ˆ)Ù•ÉÍ¥½¸€ô€ˆÄ¸Ä¸Ä­ÍÁ•Œ´Ä¸Ä¸Àˆ)Í½ÕÉ”€ô€‰É•¥ÍÑÉä­¡ÑÑÁÌè¼½¥Ñ¡Õˆ¹½´½ÉÕÍÐµ±…¹œ½É…Ñ•Ì¹¥¼µ¥¹‘•àˆ)¡•­ÍÕ´€ô€ˆÌÄØÕ˜ØÕ˜ØÉ”Èá”ÀÄÄÕ„ÀÁˆÉ•‰‘ÌÝ•ˆÙ˜ÍˆØÐÄàÔÕ˜åØÌÙÍÐÄÀÌÜØÜÄÔå…Üˆ)‘•Á•¹‘•¹¥•Ì€ôl(€‰Í•É‘•}½É”ˆ°)t()mmÁ…­…•ut)¹…µ”€ô€‰Ñ½µ±}•‘¥Ðˆ)Ù•ÉÍ¥½¸€ô€ˆÀ¸ÈÔ¸ÄÔ­ÍÁ•Œ´Ä¸Ä¸Àˆ)Í½ÕÉ”€ô€‰É•¥ÍÑÉä­¡ÑÑÁÌè¼½¥Ñ¡Õˆ¹½´½ÉÕÍÐµ±…¹œ½É…Ñ•Ì¹¥¼µ¥¹‘•àˆ)¡•­ÍÕ´€ô€ˆÄÌÐÁ•„äÑ„ÔàÔØÌÌÌÐäÉŒäÀØÑˆÀÉŒÜÜáˆÄäÅ‘ÉŒàÔÌÜÜáäØÀå‘•‰‘‘™•„Í„ØÄÐˆ)‘•Á•¹‘•¹¥•Ì€ôl(€‰¥¹‘•áµ…Àˆ°(€‰Ñ½µ±}‘…Ñ•Ñ¥µ”ˆ°(€‰Ñ½µ±}Á…ÉÍ•Èˆ°(€‰Ý¥¹¹½Üˆ°)t()mmÁ…­…•ut)¹…µ”€ô€‰Ñ½µ±}Á…ÉÍ•Èˆ)Ù•ÉÍ¥½¸€ô€ˆÄ¸Ä¸Ì­ÍÁ•Œ´Ä¸Ä¸Àˆ)Í½ÕÉ”€ô€‰É•¥ÍÑÉä­¡ÑÑÁÌè¼½¥Ñ¡Õˆ¹½´½ÉÕÍÐµ±…¹œ½É…Ñ•Ì¹¥¼µ¥¹‘•àˆ)¡•­ÍÕ´€ô€ˆÅÌá…ŒÅ˜åˆäÕ™…”ÌÈÈäÙŒÁ„Í•‘”Å™‘ŒÈÜÀØÈÝŒååŒÀÉ„ÜÈÜÑ‘ÙäØÁ‘ŒÑÔØˆ)‘•Á•¹‘•¹¥•Ì€ôl(€‰Ý¥¹¹½Üˆ°)t()mmÁ…­…•ut)¹…µ”€ô€‰ÑÉ¥”µ‘ˆˆ)Ù•ÉÍ¥½¸€ô€ˆÀ¸ÌÄ¸Àˆ)Í½ÕÉ”€ô€‰É•¥ÍÑÉä­¡ÑÑÁÌè¼½¥Ñ¡Õˆ¹½´½ÉÕÍÐµ±…¹œ½É…Ñ•Ì¹¥¼µ¥¹‘•àˆ)¡•­ÍÕ´€ô€‰„ÜÜäÕ˜É‘˜É•˜ÜÐÑ”Ñ™™ˆÈÄÈÕ˜ÀäÌÈÕ”ØÁ„ÈÅÌÀÕŒÍ••”Á…‘••˜ÀÍ˜Ý„å”ÔØÀˆ)‘•Á•¹‘•¹¥•Ì€ôl(€‰¡…Í µ‘ˆˆ°(€‰±½œˆ°(€‰Íµ…±±Ù•Œˆ°)t()mmÁ…­…•ut)¹…µ”€ô€‰ÑÉ¥”µÉ½½Ðˆ)Ù•ÉÍ¥½¸€ô€ˆÀ¸Äà¸Àˆ)Í½ÕÉ”€ô€‰É•¥ÍÑÉä­¡ÑÑÁÌè¼½¥Ñ¡Õˆ¹½´½ÉÕÍÐµ±…¹œ½É…Ñ•Ì¹¥¼µ¥¹‘•àˆ)¡•­ÍÕ´€ô€‰Ñ•ÌÄÁ•˜Õ…ˆäá˜Õ™„ÐØÜäÀÁ•äÀÙˆäÈÌÉ‘ÔÌÜØÔäÝ”ÀÁ™Ñ‰„É„ÐÐåÀÙŒÁˆˆ)‘•Á•¹‘•¹¥•Ì€ôl(€‰¡…Í µ‘ˆˆ°)t()mmÁ…­…•ut)¹…µ”€ô€‰ÑÝ½àµ¡…Í ˆ)Ù•ÉÍ¥½¸€ô€ˆÄ¸Ø¸Ìˆ)Í½ÕÉ”€ô€‰É•¥ÍÑÉä­¡ÑÑÁÌè¼½¥Ñ¡Õˆ¹½´½ÉÕÍÐµ±…¹œ½É…Ñ•Ì¹¥¼µ¥¹‘•àˆ)¡•­ÍÕ´€ô€ˆäÝ™•”ÙˆÔÝŒÙ„ÐÄÔÈÑ„àÄÁ‘…•”äÈàÙŒÀÉÜÜÔÉŒÐÈÔÌÀØÑÁˆÀÔÐÜÈàÌÍ„ÐÌá˜ØÜÔˆ)‘•Á•¹‘•¹¥•Ì€ôl(€‰™œµ¥˜ˆ°(€‰‘¥•ÍÐ€À¸ÄÀ¸Üˆ°(€‰ÍÑ…Ñ¥}…ÍÍ•ÉÑ¥½¹Ìˆ°)t()mmÁ…­…•ut)¹…µ”€ô€‰ÑåÁ•¹Õ´ˆ)Ù•ÉÍ¥½¸€ô€ˆÄ¸ÈÀ¸Äˆ)Í½ÕÉ”€ô€‰É•¥ÍÑÉä­¡ÑÑÁÌè¼½¥Ñ¡Õˆ¹½´½ÉÕÍÐµ±…¹œ½É…Ñ•Ì¹¥¼µ¥¹‘•àˆ)¡•­ÍÕ´€ô€‰ˆÙ˜Õ”àÜÁ‰”ÙŒÍˆÌÜÅˆÜÝ™”Á•”Á‰…™ˆàÔå™„ÐäØÑˆÐÐÀÑŒÈÝ‘”ÅÌàÀÀÐÍŒÑ‘‘„ÈÀˆ()mmÁ…­…•ut)¹…µ”€ô€‰Õ¥¹Ðˆ)Ù•ÉÍ¥½¸€ô€ˆÀ¸ÄÀ¸Äˆ)Í½ÕÉ”€ô€‰É•¥ÍÑÉä­¡ÑÑÁÌè¼½¥Ñ¡Õˆ¹½´½ÉÕÍÐµ±…¹œ½É…Ñ•Ì¹¥¼µ¥¹‘•àˆ)¡•­ÍÕ´€ô€ˆÙ˜äÈÈÝ„ÜÕ„Õ„ÔÐÁ„ÐØÑŒàÌÉ…Ñ„ÐÄäÕ‘‰‘‰•àÜàÜØÄÁ„ÔØÈØÈÜÈÅ™‘”Ù˜ÀÑ˜äÀˆ)‘•Á•¹‘•¹¥•Ì€ôl(€‰‰åÑ•½É‘•Èˆ°(€‰ÉÕ¹¡äˆ°(€‰¡•àˆ°(€‰ÍÑ…Ñ¥}…ÍÍ•ÉÑ¥½¹Ìˆ°)t()mmÁ…­…•ut)¹…µ”€ô€‰Õ¹¥½‘”µ¥‘•¹Ðˆ)Ù•ÉÍ¥½¸€ô€ˆÄ¸À¸ÈØˆ)Í½ÕÉ”€ô€‰É•¥ÍÑÉä­¡ÑÑÁÌè¼½¥Ñ¡Õˆ¹½´½ÉÕÍÐµ±…¹œ½É…Ñ•Ì¹¥¼µ¥¹‘•àˆ)¡•­ÍÕ´€ô€‰ÈÐÕ˜ÐÜàÔÜÝ˜àÀå„àÔÄÔäÑÀÈÌÄÍˆØÐÁ™ˆÐÌÝ”Á‰ˆÌÌàØØÜÔÍ™˜äÌÜàØÌÀäØäÔÐˆ()mmÁ…­…•ut)¹…µ”€ô€‰Õ¹¥½‘”µ¹½Éµ…±¥é…Ñ¥½¸ˆ)Ù•ÉÍ¥½¸€ô€ˆÀ¸Ä¸ÈÔˆ)Í½ÕÉ”€ô€‰É•¥ÍÑÉä­¡ÑÑÁÌè¼½¥Ñ¡Õˆ¹½´½ÉÕÍÐµ±…¹œ½É…Ñ•Ì¹¥¼µ¥¹‘•àˆ)¡•­ÍÕ´€ô€ˆÕ™Ñ˜ØàÜáŒåˆÈáàÜÑˆÀÀå‘„å”áÄàÍˆÕ…‰ŒàÀÄÄÝŒÐÁ‰‰ÄàÝ„Å™‘”ÌÌÙ‰”Ù”àˆ)‘•Á•¹‘•¹¥•Ì€ôl(€‰Ñ¥¹åÙ•Œˆ°)t()mmÁ…­…•ut)¹…µ”€ô€‰Õ¹¥½‘”µá¥ˆ)Ù•ÉÍ¥½¸€ô€ˆÀ¸È¸Øˆ)Í½ÕÉ”€ô€‰É•¥ÍÑÉä­¡ÑÑÁÌè¼½¥Ñ¡Õˆ¹½´½ÉÕÍÐµ±…¹œ½É…Ñ•Ì¹¥¼µ¥¹‘•àˆ)¡•­ÍÕ´€ô€‰•‰ŒÅŒÀÑŒÜÄÔÄÁŒÝ˜ÜÀÉˆÔÉˆÝŒÌÔÀÜÌÑŒå™˜ÄÈäÕŒÐØÑ„ÀÌÌÌÕˆÀÁ‰ˆàÑ™ŒÔÑ˜àÔÌˆ()mmÁ…­…•ut)¹…µ”€ô€‰Ù•ÉÍ¥½¹}¡•¬ˆ)Ù•ÉÍ¥½¸€ô€ˆÀ¸ä¸Ôˆ)Í½ÕÉ”€ô€‰É•¥ÍÑÉä­¡ÑÑÁÌè¼½¥Ñ¡Õˆ¹½´½ÉÕÍÐµ±…¹œ½É…Ñ•Ì¹¥¼µ¥¹‘•àˆ)¡•­ÍÕ´€ô€ˆÁˆäÈá˜ÌÍäÜÕ™ŒÙ…å˜àÙŒá˜ÈàÌàÔÍ…ÈÙ‰‘ÕˆÄÁˆÝ˜ÄÔÐÉ…„É™„ÄÕ”ÈÈàäÄÀÕ„ˆ()mmÁ…­…•ut)¹…µ”€ô€‰Ý…Í¤ˆ)Ù•ÉÍ¥½¸€ô€ˆÀ¸ÄÄ¸Ä­Ý…Í¤µÍ¹…ÁÍ¡½ÐµÁÉ•Ù¥•ÜÄˆ)Í½ÕÉ”€ô€‰É•¥ÍÑÉä­¡ÑÑÁÌè¼½¥Ñ¡Õˆ¹½´½ÉÕÍÐµ±…¹œ½É…Ñ•Ì¹¥¼µ¥¹‘•àˆ)¡•­ÍÕ´€ô€‰˜Í•ŒØÔÅ„àÐÝ•ˆÀÅ‘”ÜÍ…ÄÕ•ˆÝäå˜àÀÐàÕ‘”ÀÐÍ•™ˆÉ˜ÌÜÁØÔÑ˜Ñ•„ÐÑˆˆ()mmÁ…­…•ut)¹…µ”€ô€‰Ý¥¹¹½Üˆ)Ù•ÉÍ¥½¸€ô€ˆÄ¸À¸Ðˆ)Í½ÕÉ”€ô€‰É•¥ÍÑÉä­¡ÑÑÁÌè¼½¥Ñ¡Õˆ¹½´½ÉÕÍÐµ±…¹œ½É…Ñ•Ì¹¥¼µ¥¹‘•àˆ)¡•­ÍÕ´€ô€ˆÈÍˆäÜÌÄå˜ÝˆàÌÐÍ‘˜ÄÉŒäàäÌá”ÕŒÍ•ˆÐÌØÀØÐÔÈÑŒáÉˆÑ”ÌÁ„ÅÍ„ÌÙ••‘˜àÄˆ)‘•Á•¹‘•¹¥•Ì€ôl(€‰µ•µ¡Èˆ°)t()mmÁ…­…•ut)¹…µ”€ô€‰é•É½½Áäˆ)Ù•ÉÍ¥½¸€ô€ˆÀ¸à¸Ôàˆ)Í½ÕÉ”€ô€‰É•¥ÍÑÉä­¡ÑÑÁÌè¼½¥Ñ¡Õˆ¹½´½ÉÕÍÐµ±…¹œ½É…Ñ•Ì¹¥¼µ¥¹‘•àˆ)¡•­ÍÕ´€ô€‰ŒÄÝ”á™…™…àÉˆÔÐÉ™˜ÌÜÄÜÈÄÝ•‘ŒÜÌØÈÌÅˆÔå”ÌàÜÜØáŒäØÌÀÄÈÍˆÑ”ÑÉ‘ˆÐÐˆ)‘•Á•¹‘•¹¥•Ì€ôl(€‰é•É½½Áäµ‘•É¥Ù”ˆ°)t()mmÁ…­…•ut)¹…µ”€ô€‰é•É½½Áäµ‘•É¥Ù”ˆ)Ù•ÉÍ¥½¸€ô€ˆÀ¸à¸Ôàˆ)Í½ÕÉ”€ô€‰É•¥ÍÑÉä­¡ÑÑÁÌè¼½¥Ñ¡Õˆ¹½´½ÉÕÍÐµ±…¹œ½É…Ñ•Ì¹¥¼µ¥¹‘•àˆ)¡•­ÍÕ´€ô€ˆÔäÕ˜ÔÙ”ÀÐÑ‘˜Ñ˜ÐÙ„ÁŒå„ØÈÙ˜ØÕŒÍäå•ˆàÐàá˜Ý”á„á‰…„ÄÉ‘ÜØÌÈÙäÜÄÁ‰˜Èˆ)‘•Á•¹‘•¹¥•Ì€ôl(€‰ÁÉ½Œµµ…É¼Èˆ°(€‰ÅÕ½Ñ”ˆ°(€‰Íå¸€È¸À¸ÄÄäˆ°)t()mmÁ…­…•ut)¹…µ”€ô€‰é•É½¥é”ˆ)Ù•ÉÍ¥½¸€ô€ˆÄ¸ä¸Àˆ)Í½ÕÉ”€ô€‰É•¥ÍÑÉä­¡ÑÑÁÌè¼½¥Ñ¡Õˆ¹½´½ÉÕÍÐµ±…¹œ½É…Ñ•Ì¹¥¼µ¥¹‘•àˆ)¡•­ÍÕ´€ô€‰”ÄÍŒÄÔØÔØÈÔàÉ…„àÅŒØÁˆÈäÐÀÜÀàÑ‘ˆÔÑŒÐÄØÐÜØÀÄÀÙ…ˆÜá”ÙŒÕˆÀàÔá˜ØÑ”ˆ)‘•Á•¹‘•¹¥•Ì€ôl(€‰é•É½¥é•}‘•É¥Ù”ˆ°)t()mmÁ…­…•ut)¹…µ”€ô€‰é•É½¥é•}‘•É¥Ù”ˆ)Ù•ÉÍ¥½¸€ô€ˆÄ¸Ô¸Àˆ)Í½ÕÉ”€ô€‰É•¥ÍÑÉä­¡ÑÑÁÌè¼½¥Ñ¡Õˆ¹½´½ÉÕÍÐµ±…¹œ½É…Ñ•Ì¹¥¼µ¥¹‘•àˆ)¡•­ÍÕ´€ô€ˆÍŒÔÀØÔÕ‰ˆÁ™”Í™ŒÐÌÄÜÀÀÔå”ÜÀÉ˜Å”Õ”ÄåˆàÑ•ŒÔá‘ŒàÝˆÀÌÝ„ÀääÌÕŒÉ˜ÌÈàˆ)‘•Á•¹‘•¹¥•Ì€ôl(€‰ÁÉ½Œµµ…É¼Èˆ°(€‰ÅÕ½Ñ”ˆ°(€‰Íå¸€È¸À¸ÄÄäˆ°)t()mmÁ…­…•ut)¹…µ”€ô€‰éµ¥¨ˆ)Ù•ÉÍ¥½¸€ô€ˆÄ¸À¸ÈÌˆ)Í½ÕÉ”€ô€‰É•¥ÍÑÉä­¡ÑÑÁÌè¼½¥Ñ¡Õˆ¹½´½ÉÕÍÐµ±…¹œ½É…Ñ•Ì¹¥¼µ¥¹‘•àˆ)¡•­ÍÕ´€ô€ˆÈäØØÙÁ…‰‰™…Å”Í‘ŒÑ‘˜ØÄÐÐÜÌÁ‘Í„Í…ˆÈÈÕ‰‰‰‘…ŒàÌÌÄäÌÐÕˆÅˆÐÑ™ŒÅˆˆ(